
Microsoft Visual Studio Solution File, Format Version 12.00
# Visual Studio 2017
Project("{FAE04EC0-301F-11D3-BF4B-00C04F79EFBC}") = "2D_Dungeon", "2D_Dungeon.csproj", "{972464D3-4428-4BB0-3D09-F0C480101F54}"
EndProject
Global
	GlobalSection(SolutionConfigurationPlatforms) = preSolution
		Debug|Any CPU = Debug|Any CPU
		Release|Any CPU = Release|Any CPU
	EndGlobalSection
	GlobalSection(ProjectConfigurationPlatforms) = postSolution
		{972464D3-4428-4BB0-3D09-F0C480101F54}.Debug|Any CPU.ActiveCfg = Debug|Any CPU
		{972464D3-4428-4BB0-3D09-F0C480101F54}.Debug|Any CPU.Build.0 = Debug|Any CPU
		{972464D3-4428-4BB0-3D09-F0C480101F54}.Release|Any CPU.ActiveCfg = Release|Any CPU
		{972464D3-4428-4BB0-3D09-F0C480101F54}.Release|Any CPU.Build.0 = Release|Any CPU
	EndGlobalSection
	GlobalSection(SolutionProperties) = preSolution
		HideSolutionNode = FALSE
	EndGlobalSection
EndGlobal
